<Solution>
  <Project Path="A3_Q1Soln/A3_Q1Soln.csproj" />
  <Project Path="A3_Q2Soln/A3_Q2Soln.csproj" />
  <Project Path="A3_Q3Soln/A3_Q3Soln.csproj" />
  <Project Path="A3_Q4Soln/A3_Q4Soln.csproj" />
  <Project Path="A3_Q5Soln/A3_Q5Soln.csproj" />
  <Project Path="A3_Q6Soln/A3_Q6Soln.csproj" />
</Solution>
